
Microsoft Visual Studio Solution File, Format Version 12.00
# Visual Studio Version 17
VisualStudioVersion = 17.0.31919.166
MinimumVisualStudioVersion = 10.0.40219.1
Project("{9A19103F-16F7-4668-BE54-9A1E7A4F7556}") = "PBServerApp", "PBServerApp\PBServerApp.csproj", "{2CC2F447-7536-4B1B-A5EF-15D294D5F201}"
EndProject
Project("{9A19103F-16F7-4668-BE54-9A1E7A4F7556}") = "PBShared", "PBShared\PBShared.csproj", "{0EBBE2EC-7916-4DCA-A5F0-3E516D9F9200}"
EndProject
Project("{9A19103F-16F7-4668-BE54-9A1E7A4F7556}") = "PBWebAPI", "PBWebAPI\PBWebAPI.csproj", "{BFD06D5A-5333-43B4-A70E-D6A78C702B94}"
EndProject
Global
	GlobalSection(SolutionConfigurationPlatforms) = preSolution
		Debug|Any CPU = Debug|Any CPU
		Release|Any CPU = Release|Any CPU
	EndGlobalSection
	GlobalSection(ProjectConfigurationPlatforms) = postSolution
		{2CC2F447-7536-4B1B-A5EF-15D294D5F201}.Debug|Any CPU.ActiveCfg = Debug|Any CPU
		{2CC2F447-7536-4B1B-A5EF-15D294D5F201}.Debug|Any CPU.Build.0 = Debug|Any CPU
		{2CC2F447-7536-4B1B-A5EF-15D294D5F201}.Release|Any CPU.ActiveCfg = Release|Any CPU
		{2CC2F447-7536-4B1B-A5EF-15D294D5F201}.Release|Any CPU.Build.0 = Release|Any CPU
		{0EBBE2EC-7916-4DCA-A5F0-3E516D9F9200}.Debug|Any CPU.ActiveCfg = Debug|Any CPU
		{0EBBE2EC-7916-4DCA-A5F0-3E516D9F9200}.Debug|Any CPU.Build.0 = Debug|Any CPU
		{0EBBE2EC-7916-4DCA-A5F0-3E516D9F9200}.Release|Any CPU.ActiveCfg = Release|Any CPU
		{0EBBE2EC-7916-4DCA-A5F0-3E516D9F9200}.Release|Any CPU.Build.0 = Release|Any CPU
		{BFD06D5A-5333-43B4-A70E-D6A78C702B94}.Debug|Any CPU.ActiveCfg = Debug|Any CPU
		{BFD06D5A-5333-43B4-A70E-D6A78C702B94}.Debug|Any CPU.Build.0 = Debug|Any CPU
		{BFD06D5A-5333-43B4-A70E-D6A78C702B94}.Release|Any CPU.ActiveCfg = Release|Any CPU
		{BFD06D5A-5333-43B4-A70E-D6A78C702B94}.Release|Any CPU.Build.0 = Release|Any CPU
	EndGlobalSection
	GlobalSection(SolutionProperties) = preSolution
		HideSolutionNode = FALSE
	EndGlobalSection
	GlobalSection(ExtensibilityGlobals) = postSolution
		SolutionGuid = {7BA668C2-DD07-4BE7-822A-126289185E92}
	EndGlobalSection
EndGlobal
